
Microsoft Visual Studio Solution File, Format Version 12.00
# Visual Studio 15
VisualStudioVersion = 15.0.27703.2026
MinimumVisualStudioVersion = 10.0.40219.1
Project("{151D2E53-A2C4-4D7D-83FE-D05416EBD58E}") = "FederalRegDeploy", "FederalRegDeploy\FederalRegDeploy.deployproj", "{15FB39D5-1230-48A3-928C-219BB47E1434}"
EndProject
Global
	GlobalSection(SolutionConfigurationPlatforms) = preSolution
		Debug|Any CPU = Debug|Any CPU
		Release|Any CPU = Release|Any CPU
	EndGlobalSection
	GlobalSection(ProjectConfigurationPlatforms) = postSolution
		{15FB39D5-1230-48A3-928C-219BB47E1434}.Debug|Any CPU.ActiveCfg = Debug|Any CPU
		{15FB39D5-1230-48A3-928C-219BB47E1434}.Debug|Any CPU.Build.0 = Debug|Any CPU
		{15FB39D5-1230-48A3-928C-219BB47E1434}.Release|Any CPU.ActiveCfg = Release|Any CPU
		{15FB39D5-1230-48A3-928C-219BB47E1434}.Release|Any CPU.Build.0 = Release|Any CPU
	EndGlobalSection
	GlobalSection(SolutionProperties) = preSolution
		HideSolutionNode = FALSE
	EndGlobalSection
	GlobalSection(ExtensibilityGlobals) = postSolution
		SolutionGuid = {5D3281FA-B464-47FE-AADC-660ECDAF2959}
	EndGlobalSection
EndGlobal
